
Microsoft Visual Studio Solution File, Format Version 12.00
# Visual Studio 2012
Project("{FAE04EC0-301F-11D3-BF4B-00C04F79EFBC}") = "SpikeLite.Core", "SpikeLite.Core\SpikeLite.Core.csproj", "{2DB890EF-6D6C-44FD-B607-244CAE1D55F7}"
EndProject
Project("{FAE04EC0-301F-11D3-BF4B-00C04F79EFBC}") = "SpikeLite.UI.Cli", "SpikeLite.UI.Cli\SpikeLite.UI.Cli.csproj", "{F239531E-3FBC-4DC0-B499-235E91740A5B}"
EndProject
Project("{FAE04EC0-301F-11D3-BF4B-00C04F79EFBC}") = "SpikeLite.Modules.Search", "SpikeLite.Modules.Search\SpikeLite.Modules.Search.csproj", "{454DE4CA-4F2D-4D0F-86D8-F8086706DF1B}"
EndProject
Project("{FAE04EC0-301F-11D3-BF4B-00C04F79EFBC}") = "SpikeLite.Domain", "SpikeLite.Domain\SpikeLite.Domain.csproj", "{A9084592-C90E-4A8E-AFF9-00709EE6513C}"
EndProject
Project("{FAE04EC0-301F-11D3-BF4B-00C04F79EFBC}") = "SpikeLite.Modules.Tell", "SpikeLite.Modules.Tell\SpikeLite.Modules.Tell.csproj", "{E3A8EA92-1787-4D21-A322-742466D36951}"
EndProject
Project("{FAE04EC0-301F-11D3-BF4B-00C04F79EFBC}") = "SpikeLite.Modules.Help", "SpikeLite.Modules.Help\SpikeLite.Modules.Help.csproj", "{FF88AC2B-A82D-44E0-86F9-E526A1856892}"
EndProject
Project("{FAE04EC0-301F-11D3-BF4B-00C04F79EFBC}") = "SpikeLite.Modules.Karma", "SpikeLite.Modules.Karma\SpikeLite.Modules.Karma.csproj", "{F06C61F7-A580-4412-87BF-0730DAB9324D}"
EndProject
Project("{FAE04EC0-301F-11D3-BF4B-00C04F79EFBC}") = "SpikeLite.Modules.About", "SpikeLite.Modules.About\SpikeLite.Modules.About.csproj", "{9C085ABC-416F-491F-A8DC-20C93AFD3F66}"
EndProject
Project("{FAE04EC0-301F-11D3-BF4B-00C04F79EFBC}") = "SpikeLite.Modules.GeoIP", "SpikeLite.Modules.GeoIP\SpikeLite.Modules.GeoIP.csproj", "{B0CFDCD1-69BD-4079-80A7-27F04E54EB8B}"
EndProject
Project("{FAE04EC0-301F-11D3-BF4B-00C04F79EFBC}") = "SpikeLite.Modules.Say", "SpikeLite.Modules.Say\SpikeLite.Modules.Say.csproj", "{9763C45D-FE49-4ACD-99B2-E9FEC3E5F366}"
EndProject
Project("{FAE04EC0-301F-11D3-BF4B-00C04F79EFBC}") = "SpikeLite.Modules.Admin", "SpikeLite.Modules.Admin\SpikeLite.Modules.Admin.csproj", "{37178E30-0074-4998-B015-416D609CE47D}"
EndProject
Project("{FAE04EC0-301F-11D3-BF4B-00C04F79EFBC}") = "SpikeLite.IPC.WebHost", "SpikeLite.IPC.WebHost\SpikeLite.IPC.WebHost.csproj", "{09359037-F0F4-462C-9D61-F812C8C13806}"
EndProject
Project("{FAE04EC0-301F-11D3-BF4B-00C04F79EFBC}") = "SpikeLite.Modules.People", "SpikeLite.Modules.People\SpikeLite.Modules.People.csproj", "{5AD939A6-C1CC-4F4E-B093-C10C00BB2EA2}"
EndProject
Project("{FAE04EC0-301F-11D3-BF4B-00C04F79EFBC}") = "SpikeLite.Irc.IrcDotNet", "SpikeLite.Irc.IrcDotNet\SpikeLite.Irc.IrcDotNet.csproj", "{4B8CC285-E8CE-4985-83E6-A926DF3B27BF}"
EndProject
Project("{FAE04EC0-301F-11D3-BF4B-00C04F79EFBC}") = "SpikeLite.Irc.ThresherIrc", "SpikeLite.Irc.ThresherIrc\SpikeLite.Irc.ThresherIrc.csproj", "{0B128EAA-403D-416F-9A0E-F9D87CA2DD3E}"
EndProject
Project("{2150E333-8FDC-42A3-9474-1A3956D46DE8}") = ".nuget", ".nuget", "{F9F3B655-62FD-474F-8B6A-D04516153CB2}"
	ProjectSection(SolutionItems) = preProject
		.nuget\NuGet.Config = .nuget\NuGet.Config
		.nuget\NuGet.exe = .nuget\NuGet.exe
		.nuget\NuGet.targets = .nuget\NuGet.targets
	EndProjectSection
EndProject
Project("{FAE04EC0-301F-11D3-BF4B-00C04F79EFBC}") = "SpikeLite.Irc.SmartIrc4Net", "SpikeLite.Irc.SmartIrc4Net\SpikeLite.Irc.SmartIrc4Net.csproj", "{F09BA35E-4353-49F1-AD4F-63F49877E2F2}"
EndProject
Global
	GlobalSection(SolutionConfigurationPlatforms) = preSolution
		Debug|Any CPU = Debug|Any CPU
		Debug|x86 = Debug|x86
		Release|Any CPU = Release|Any CPU
		Release|x86 = Release|x86
	EndGlobalSection
	GlobalSection(ProjectConfigurationPlatforms) = postSolution
		{2DB890EF-6D6C-44FD-B607-244CAE1D55F7}.Debug|Any CPU.ActiveCfg = Debug|Any CPU
		{2DB890EF-6D6C-44FD-B607-244CAE1D55F7}.Debug|Any CPU.Build.0 = Debug|Any CPU
		{2DB890EF-6D6C-44FD-B607-244CAE1D55F7}.Debug|x86.ActiveCfg = Debug|x86
		{2DB890EF-6D6C-44FD-B607-244CAE1D55F7}.Debug|x86.Build.0 = Debug|x86
		{2DB890EF-6D6C-44FD-B607-244CAE1D55F7}.Release|Any CPU.ActiveCfg = Release|Any CPU
		{2DB890EF-6D6C-44FD-B607-244CAE1D55F7}.Release|Any CPU.Build.0 = Release|Any CPU
		{2DB890EF-6D6C-44FD-B607-244CAE1D55F7}.Release|x86.ActiveCfg = Release|x86
		{2DB890EF-6D6C-44FD-B607-244CAE1D55F7}.Release|x86.Build.0 = Release|x86
		{F239531E-3FBC-4DC0-B499-235E91740A5B}.Debug|Any CPU.ActiveCfg = Debug|Any CPU
		{F239531E-3FBC-4DC0-B499-235E91740A5B}.Debug|Any CPU.Build.0 = Debug|Any CPU
		{F239531E-3FBC-4DC0-B499-235E91740A5B}.Debug|x86.ActiveCfg = Debug|x86
		{F239531E-3FBC-4DC0-B499-235E91740A5B}.Debug|x86.Build.0 = Debug|x86
		{F239531E-3FBC-4DC0-B499-235E91740A5B}.Release|Any CPU.ActiveCfg = Release|Any CPU
		{F239531E-3FBC-4DC0-B499-235E91740A5B}.Release|Any CPU.Build.0 = Release|Any CPU
		{F239531E-3FBC-4DC0-B499-235E91740A5B}.Release|x86.ActiveCfg = Release|x86
		{F239531E-3FBC-4DC0-B499-235E91740A5B}.Release|x86.Build.0 = Release|x86
		{454DE4CA-4F2D-4D0F-86D8-F8086706DF1B}.Debug|Any CPU.ActiveCfg = Debug|Any CPU
		{454DE4CA-4F2D-4D0F-86D8-F8086706DF1B}.Debug|Any CPU.Build.0 = Debug|Any CPU
		{454DE4CA-4F2D-4D0F-86D8-F8086706DF1B}.Debug|x86.ActiveCfg = Debug|x86
		{454DE4CA-4F2D-4D0F-86D8-F8086706DF1B}.Debug|x86.Build.0 = Debug|x86
		{454DE4CA-4F2D-4D0F-86D8-F8086706DF1B}.Release|Any CPU.ActiveCfg = Release|Any CPU
		{454DE4CA-4F2D-4D0F-86D8-F8086706DF1B}.Release|Any CPU.Build.0 = Release|Any CPU
		{454DE4CA-4F2D-4D0F-86D8-F8086706DF1B}.Release|x86.ActiveCfg = Release|x86
		{454DE4CA-4F2D-4D0F-86D8-F8086706DF1B}.Release|x86.Build.0 = Release|x86
		{A9084592-C90E-4A8E-AFF9-00709EE6513C}.Debug|Any CPU.ActiveCfg = Debug|Any CPU
		{A9084592-C90E-4A8E-AFF9-00709EE6513C}.Debug|Any CPU.Build.0 = Debug|Any CPU
		{A9084592-C90E-4A8E-AFF9-00709EE6513C}.Debug|x86.ActiveCfg = Debug|x86
		{A9084592-C90E-4A8E-AFF9-00709EE6513C}.Debug|x86.Build.0 = Debug|x86
		{A9084592-C90E-4A8E-AFF9-00709EE6513C}.Release|Any CPU.ActiveCfg = Release|Any CPU
		{A9084592-C90E-4A8E-AFF9-00709EE6513C}.Release|Any CPU.Build.0 = Release|Any CPU
		{A9084592-C90E-4A8E-AFF9-00709EE6513C}.Release|x86.ActiveCfg = Release|x86
		{A9084592-C90E-4A8E-AFF9-00709EE6513C}.Release|x86.Build.0 = Release|x86
		{E3A8EA92-1787-4D21-A322-742466D36951}.Debug|Any CPU.ActiveCfg = Debug|Any CPU
		{E3A8EA92-1787-4D21-A322-742466D36951}.Debug|Any CPU.Build.0 = Debug|Any CPU
		{E3A8EA92-1787-4D21-A322-742466D36951}.Debug|x86.ActiveCfg = Debug|x86
		{E3A8EA92-1787-4D21-A322-742466D36951}.Debug|x86.Build.0 = Debug|x86
		{E3A8EA92-1787-4D21-A322-742466D36951}.Release|Any CPU.ActiveCfg = Release|Any CPU
		{E3A8EA92-1787-4D21-A322-742466D36951}.Release|Any CPU.Build.0 = Release|Any CPU
		{E3A8EA92-1787-4D21-A322-742466D36951}.Release|x86.ActiveCfg = Release|x86
		{E3A8EA92-1787-4D21-A322-742466D36951}.Release|x86.Build.0 = Release|x86
		{FF88AC2B-A82D-44E0-86F9-E526A1856892}.Debug|Any CPU.ActiveCfg = Debug|Any CPU
		{FF88AC2B-A82D-44E0-86F9-E526A1856892}.Debug|Any CPU.Build.0 = Debug|Any CPU
		{FF88AC2B-A82D-44E0-86F9-E526A1856892}.Debug|x86.ActiveCfg = Debug|x86
		{FF88AC2B-A82D-44E0-86F9-E526A1856892}.Debug|x86.Build.0 = Debug|x86
		{FF88AC2B-A82D-44E0-86F9-E526A1856892}.Release|Any CPU.ActiveCfg = Release|Any CPU
		{FF88AC2B-A82D-44E0-86F9-E526A1856892}.Release|Any CPU.Build.0 = Release|Any CPU
		{FF88AC2B-A82D-44E0-86F9-E526A1856892}.Release|x86.ActiveCfg = Release|x86
		{FF88AC2B-A82D-44E0-86F9-E526A1856892}.Release|x86.Build.0 = Release|x86
		{F06C61F7-A580-4412-87BF-0730DAB9324D}.Debug|Any CPU.ActiveCfg = Debug|Any CPU
		{F06C61F7-A580-4412-87BF-0730DAB9324D}.Debug|Any CPU.Build.0 = Debug|Any CPU
		{F06C61F7-A580-4412-87BF-0730DAB9324D}.Debug|x86.ActiveCfg = Debug|x86
		{F06C61F7-A580-4412-87BF-0730DAB9324D}.Debug|x86.Build.0 = Debug|x86
		{F06C61F7-A580-4412-87BF-0730DAB9324D}.Release|Any CPU.ActiveCfg = Release|Any CPU
		{F06C61F7-A580-4412-87BF-0730DAB9324D}.Release|Any CPU.Build.0 = Release|Any CPU
		{F06C61F7-A580-4412-87BF-0730DAB9324D}.Release|x86.ActiveCfg = Release|x86
		{F06C61F7-A580-4412-87BF-0730DAB9324D}.Release|x86.Build.0 = Release|x86
		{9C085ABC-416F-491F-A8DC-20C93AFD3F66}.Debug|Any CPU.ActiveCfg = Debug|Any CPU
		{9C085ABC-416F-491F-A8DC-20C93AFD3F66}.Debug|Any CPU.Build.0 = Debug|Any CPU
		{9C085ABC-416F-491F-A8DC-20C93AFD3F66}.Debug|x86.ActiveCfg = Debug|x86
		{9C085ABC-416F-491F-A8DC-20C93AFD3F66}.Debug|x86.Build.0 = Debug|x86
		{9C085ABC-416F-491F-A8DC-20C93AFD3F66}.Release|Any CPU.ActiveCfg = Release|Any CPU
		{9C085ABC-416F-491F-A8DC-20C93AFD3F66}.Release|Any CPU.Build.0 = Release|Any CPU
		{9C085ABC-416F-491F-A8DC-20C93AFD3F66}.Release|x86.ActiveCfg = Release|x86
		{9C085ABC-416F-491F-A8DC-20C93AFD3F66}.Release|x86.Build.0 = Release|x86
		{B0CFDCD1-69BD-4079-80A7-27F04E54EB8B}.Debug|Any CPU.ActiveCfg = Debug|Any CPU
		{B0CFDCD1-69BD-4079-80A7-27F04E54EB8B}.Debug|Any CPU.Build.0 = Debug|Any CPU
		{B0CFDCD1-69BD-4079-80A7-27F04E54EB8B}.Debug|x86.ActiveCfg = Debug|x86
		{B0CFDCD1-69BD-4079-80A7-27F04E54EB8B}.Debug|x86.Build.0 = Debug|x86
		{B0CFDCD1-69BD-4079-80A7-27F04E54EB8B}.Release|Any CPU.ActiveCfg = Release|Any CPU
		{B0CFDCD1-69BD-4079-80A7-27F04E54EB8B}.Release|Any CPU.Build.0 = Release|Any CPU
		{B0CFDCD1-69BD-4079-80A7-27F04E54EB8B}.Release|x86.ActiveCfg = Release|x86
		{B0CFDCD1-69BD-4079-80A7-27F04E54EB8B}.Release|x86.Build.0 = Release|x86
		{9763C45D-FE49-4ACD-99B2-E9FEC3E5F366}.Debug|Any CPU.ActiveCfg = Debug|Any CPU
		{9763C45D-FE49-4ACD-99B2-E9FEC3E5F366}.Debug|Any CPU.Build.0 = Debug|Any CPU
		{9763C45D-FE49-4ACD-99B2-E9FEC3E5F366}.Debug|x86.ActiveCfg = Debug|x86
		{9763C45D-FE49-4ACD-99B2-E9FEC3E5F366}.Debug|x86.Build.0 = Debug|x86
		{9763C45D-FE49-4ACD-99B2-E9FEC3E5F366}.Release|Any CPU.ActiveCfg = Release|Any CPU
		{9763C45D-FE49-4ACD-99B2-E9FEC3E5F366}.Release|Any CPU.Build.0 = Release|Any CPU
		{9763C45D-FE49-4ACD-99B2-E9FEC3E5F366}.Release|x86.ActiveCfg = Release|x86
		{9763C45D-FE49-4ACD-99B2-E9FEC3E5F366}.Release|x86.Build.0 = Release|x86
		{37178E30-0074-4998-B015-416D609CE47D}.Debug|Any CPU.ActiveCfg = Debug|Any CPU
		{37178E30-0074-4998-B015-416D609CE47D}.Debug|Any CPU.Build.0 = Debug|Any CPU
		{37178E30-0074-4998-B015-416D609CE47D}.Debug|x86.ActiveCfg = Debug|x86
		{37178E30-0074-4998-B015-416D609CE47D}.Debug|x86.Build.0 = Debug|x86
		{37178E30-0074-4998-B015-416D609CE47D}.Release|Any CPU.ActiveCfg = Release|Any CPU
		{37178E30-0074-4998-B015-416D609CE47D}.Release|Any CPU.Build.0 = Release|Any CPU
		{37178E30-0074-4998-B015-416D609CE47D}.Release|x86.ActiveCfg = Release|x86
		{37178E30-0074-4998-B015-416D609CE47D}.Release|x86.Build.0 = Release|x86
		{09359037-F0F4-462C-9D61-F812C8C13806}.Debug|Any CPU.ActiveCfg = Debug|Any CPU
		{09359037-F0F4-462C-9D61-F812C8C13806}.Debug|Any CPU.Build.0 = Debug|Any CPU
		{09359037-F0F4-462C-9D61-F812C8C13806}.Debug|x86.ActiveCfg = Debug|x86
		{09359037-F0F4-462C-9D61-F812C8C13806}.Debug|x86.Build.0 = Debug|x86
		{09359037-F0F4-462C-9D61-F812C8C13806}.Release|Any CPU.ActiveCfg = Release|Any CPU
		{09359037-F0F4-462C-9D61-F812C8C13806}.Release|Any CPU.Build.0 = Release|Any CPU
		{09359037-F0F4-462C-9D61-F812C8C13806}.Release|x86.ActiveCfg = Release|x86
		{09359037-F0F4-462C-9D61-F812C8C13806}.Release|x86.Build.0 = Release|x86
		{5AD939A6-C1CC-4F4E-B093-C10C00BB2EA2}.Debug|Any CPU.ActiveCfg = Debug|Any CPU
		{5AD939A6-C1CC-4F4E-B093-C10C00BB2EA2}.Debug|Any CPU.Build.0 = Debug|Any CPU
		{5AD939A6-C1CC-4F4E-B093-C10C00BB2EA2}.Debug|x86.ActiveCfg = Debug|x86
		{5AD939A6-C1CC-4F4E-B093-C10C00BB2EA2}.Debug|x86.Build.0 = Debug|x86
		{5AD939A6-C1CC-4F4E-B093-C10C00BB2EA2}.Release|Any CPU.ActiveCfg = Release|Any CPU
		{5AD939A6-C1CC-4F4E-B093-C10C00BB2EA2}.Release|Any CPU.Build.0 = Release|Any CPU
		{5AD939A6-C1CC-4F4E-B093-C10C00BB2EA2}.Release|x86.ActiveCfg = Release|x86
		{5AD939A6-C1CC-4F4E-B093-C10C00BB2EA2}.Release|x86.Build.0 = Release|x86
		{4B8CC285-E8CE-4985-83E6-A926DF3B27BF}.Debug|Any CPU.ActiveCfg = Debug|Any CPU
		{4B8CC285-E8CE-4985-83E6-A926DF3B27BF}.Debug|Any CPU.Build.0 = Debug|Any CPU
		{4B8CC285-E8CE-4985-83E6-A926DF3B27BF}.Debug|x86.ActiveCfg = Debug|Any CPU
		{4B8CC285-E8CE-4985-83E6-A926DF3B27BF}.Release|Any CPU.ActiveCfg = Release|Any CPU
		{4B8CC285-E8CE-4985-83E6-A926DF3B27BF}.Release|Any CPU.Build.0 = Release|Any CPU
		{4B8CC285-E8CE-4985-83E6-A926DF3B27BF}.Release|x86.ActiveCfg = Release|Any CPU
		{0B128EAA-403D-416F-9A0E-F9D87CA2DD3E}.Debug|Any CPU.ActiveCfg = Debug|Any CPU
		{0B128EAA-403D-416F-9A0E-F9D87CA2DD3E}.Debug|Any CPU.Build.0 = Debug|Any CPU
		{0B128EAA-403D-416F-9A0E-F9D87CA2DD3E}.Debug|x86.ActiveCfg = Debug|Any CPU
		{0B128EAA-403D-416F-9A0E-F9D87CA2DD3E}.Release|Any CPU.ActiveCfg = Release|Any CPU
		{0B128EAA-403D-416F-9A0E-F9D87CA2DD3E}.Release|Any CPU.Build.0 = Release|Any CPU
		{0B128EAA-403D-416F-9A0E-F9D87CA2DD3E}.Release|x86.ActiveCfg = Release|Any CPU
		{F09BA35E-4353-49F1-AD4F-63F49877E2F2}.Debug|Any CPU.ActiveCfg = Debug|Any CPU
		{F09BA35E-4353-49F1-AD4F-63F49877E2F2}.Debug|Any CPU.Build.0 = Debug|Any CPU
		{F09BA35E-4353-49F1-AD4F-63F49877E2F2}.Debug|x86.ActiveCfg = Debug|Any CPU
		{F09BA35E-4353-49F1-AD4F-63F49877E2F2}.Release|Any CPU.ActiveCfg = Release|Any CPU
		{F09BA35E-4353-49F1-AD4F-63F49877E2F2}.Release|Any CPU.Build.0 = Release|Any CPU
		{F09BA35E-4353-49F1-AD4F-63F49877E2F2}.Release|x86.ActiveCfg = Release|Any CPU
	EndGlobalSection
	GlobalSection(SolutionProperties) = preSolution
		HideSolutionNode = FALSE
	EndGlobalSection
EndGlobal
